
Microsoft Visual Studio Solution File, Format Version 12.00
# Visual Studio Version 17
VisualStudioVersion = 17.3.32819.101
MinimumVisualStudioVersion = 10.0.40219.1
Project("{FAE04EC0-301F-11D3-BF4B-00C04F79EFBC}") = "ListUserFirstApiASPNET", "ListUserFirstApiASPNET\ListUserFirstApiASPNET.csproj", "{BF53BF57-5F93-461B-98B6-9564B73CD5A9}"
EndProject
Global
	GlobalSection(SolutionConfigurationPlatforms) = preSolution
		Debug|Any CPU = Debug|Any CPU
		Release|Any CPU = Release|Any CPU
	EndGlobalSection
	GlobalSection(ProjectConfigurationPlatforms) = postSolution
		{BF53BF57-5F93-461B-98B6-9564B73CD5A9}.Debug|Any CPU.ActiveCfg = Debug|Any CPU
		{BF53BF57-5F93-461B-98B6-9564B73CD5A9}.Debug|Any CPU.Build.0 = Debug|Any CPU
		{BF53BF57-5F93-461B-98B6-9564B73CD5A9}.Release|Any CPU.ActiveCfg = Release|Any CPU
		{BF53BF57-5F93-461B-98B6-9564B73CD5A9}.Release|Any CPU.Build.0 = Release|Any CPU
	EndGlobalSection
	GlobalSection(SolutionProperties) = preSolution
		HideSolutionNode = FALSE
	EndGlobalSection
	GlobalSection(ExtensibilityGlobals) = postSolution
		SolutionGuid = {D53A6563-E2F2-4DA4-8309-8B7B2C0F4674}
	EndGlobalSection
EndGlobal
